
Microsoft Visual Studio Solution File, Format Version 12.00
# Visual Studio Version 16
VisualStudioVersion = 16.0.31321.278
MinimumVisualStudioVersion = 10.0.40219.1
Project("{FAE04EC0-301F-11D3-BF4B-00C04F79EFBC}") = "Ages", "Ages\Ages.csproj", "{6388E6E7-8CD9-4CB8-80C0-F346386FA4C3}"
EndProject
Project("{FAE04EC0-301F-11D3-BF4B-00C04F79EFBC}") = "Divison", "Divison\Divison.csproj", "{2AE43A42-BFEF-4C97-8628-8D1BB233A206}"
EndProject
Project("{FAE04EC0-301F-11D3-BF4B-00C04F79EFBC}") = "Vacation", "Vacation\Vacation.csproj", "{124ECC8A-BDFA-4CCE-BE8B-7F1FEF90BC33}"
EndProject
Project("{FAE04EC0-301F-11D3-BF4B-00C04F79EFBC}") = "PrintAndSum", "PrintAndSum\PrintAndSum.csproj", "{0ED4B003-D4AC-4E00-8ED9-0A5DC632D24A}"
EndProject
Project("{FAE04EC0-301F-11D3-BF4B-00C04F79EFBC}") = "Login", "Login\Login.csproj", "{E2E35F90-E3E2-4552-81BC-E95805C40A58}"
EndProject
Project("{FAE04EC0-301F-11D3-BF4B-00C04F79EFBC}") = "StrongNumber", "StrongNumber\StrongNumber.csproj", "{8757713C-5CEB-4FAC-8B94-CEBF6C318882}"
EndProject
Project("{FAE04EC0-301F-11D3-BF4B-00C04F79EFBC}") = "VendingMachine", "VendingMachine\VendingMachine.csproj", "{F2CEFBA8-6E2B-49EA-8CD4-FDFC7B92BF15}"
EndProject
Project("{FAE04EC0-301F-11D3-BF4B-00C04F79EFBC}") = "TriangleOfNumbers", "TriangleOfNumbers\TriangleOfNumbers.csproj", "{9F1928E0-627F-4F91-94BA-18219649E05C}"
EndProject
Project("{FAE04EC0-301F-11D3-BF4B-00C04F79EFBC}") = "PadawanEquipment", "PadawanEquipment\PadawanEquipment.csproj", "{E3D6DE71-21E9-4500-8311-6E828747FFD4}"
EndProject
Project("{FAE04EC0-301F-11D3-BF4B-00C04F79EFBC}") = "RageExpenses", "RageExpenses\RageExpenses.csproj", "{2738421E-54E4-4FF5-8A75-678D009CDFB7}"
EndProject
Project("{FAE04EC0-301F-11D3-BF4B-00C04F79EFBC}") = "Orders", "Orders\Orders.csproj", "{BAE9C90F-25F8-4AA8-8A99-DC68876210EF}"
EndProject
Project("{FAE04EC0-301F-11D3-BF4B-00C04F79EFBC}") = "SortNumbers", "SortNumbers\SortNumbers.csproj", "{6E1F7CDA-C5CF-45BB-884F-D1BF7F70CDD7}"
EndProject
Project("{FAE04EC0-301F-11D3-BF4B-00C04F79EFBC}") = "EnglishNameОfТheLastDigit", "EnglishNameОfТheLastDigit\EnglishNameОfТheLastDigit.csproj", "{F8AFFB1D-86BA-4E4E-B201-1E09E7103D1E}"
EndProject
Project("{FAE04EC0-301F-11D3-BF4B-00C04F79EFBC}") = "GamingStore", "GamingStore\GamingStore.csproj", "{A2AB2BCF-8140-4B83-9673-27D0AE76BB6B}"
EndProject
Project("{FAE04EC0-301F-11D3-BF4B-00C04F79EFBC}") = "ReverseString", "ReverseString\ReverseString.csproj", "{58DE04F8-36F6-4287-9532-E8A3E02046B6}"
EndProject
Project("{FAE04EC0-301F-11D3-BF4B-00C04F79EFBC}") = "Messages", "Messages\Messages.csproj", "{945085D8-01B7-4B9D-A904-8873D4285596}"
EndProject
Global
	GlobalSection(SolutionConfigurationPlatforms) = preSolution
		Debug|Any CPU = Debug|Any CPU
		Release|Any CPU = Release|Any CPU
	EndGlobalSection
	GlobalSection(ProjectConfigurationPlatforms) = postSolution
		{6388E6E7-8CD9-4CB8-80C0-F346386FA4C3}.Debug|Any CPU.ActiveCfg = Debug|Any CPU
		{6388E6E7-8CD9-4CB8-80C0-F346386FA4C3}.Debug|Any CPU.Build.0 = Debug|Any CPU
		{6388E6E7-8CD9-4CB8-80C0-F346386FA4C3}.Release|Any CPU.ActiveCfg = Release|Any CPU
		{6388E6E7-8CD9-4CB8-80C0-F346386FA4C3}.Release|Any CPU.Build.0 = Release|Any CPU
		{2AE43A42-BFEF-4C97-8628-8D1BB233A206}.Debug|Any CPU.ActiveCfg = Debug|Any CPU
		{2AE43A42-BFEF-4C97-8628-8D1BB233A206}.Debug|Any CPU.Build.0 = Debug|Any CPU
		{2AE43A42-BFEF-4C97-8628-8D1BB233A206}.Release|Any CPU.ActiveCfg = Release|Any CPU
		{2AE43A42-BFEF-4C97-8628-8D1BB233A206}.Release|Any CPU.Build.0 = Release|Any CPU
		{124ECC8A-BDFA-4CCE-BE8B-7F1FEF90BC33}.Debug|Any CPU.ActiveCfg = Debug|Any CPU
		{124ECC8A-BDFA-4CCE-BE8B-7F1FEF90BC33}.Debug|Any CPU.Build.0 = Debug|Any CPU
		{124ECC8A-BDFA-4CCE-BE8B-7F1FEF90BC33}.Release|Any CPU.ActiveCfg = Release|Any CPU
		{124ECC8A-BDFA-4CCE-BE8B-7F1FEF90BC33}.Release|Any CPU.Build.0 = Release|Any CPU
		{0ED4B003-D4AC-4E00-8ED9-0A5DC632D24A}.Debug|Any CPU.ActiveCfg = Debug|Any CPU
		{0ED4B003-D4AC-4E00-8ED9-0A5DC632D24A}.Debug|Any CPU.Build.0 = Debug|Any CPU
		{0ED4B003-D4AC-4E00-8ED9-0A5DC632D24A}.Release|Any CPU.ActiveCfg = Release|Any CPU
		{0ED4B003-D4AC-4E00-8ED9-0A5DC632D24A}.Release|Any CPU.Build.0 = Release|Any CPU
		{E2E35F90-E3E2-4552-81BC-E95805C40A58}.Debug|Any CPU.ActiveCfg = Debug|Any CPU
		{E2E35F90-E3E2-4552-81BC-E95805C40A58}.Debug|Any CPU.Build.0 = Debug|Any CPU
		{E2E35F90-E3E2-4552-81BC-E95805C40A58}.Release|Any CPU.ActiveCfg = Release|Any CPU
		{E2E35F90-E3E2-4552-81BC-E95805C40A58}.Release|Any CPU.Build.0 = Release|Any CPU
		{8757713C-5CEB-4FAC-8B94-CEBF6C318882}.Debug|Any CPU.ActiveCfg = Debug|Any CPU
		{8757713C-5CEB-4FAC-8B94-CEBF6C318882}.Debug|Any CPU.Build.0 = Debug|Any CPU
		{8757713C-5CEB-4FAC-8B94-CEBF6C318882}.Release|Any CPU.ActiveCfg = Release|Any CPU
		{8757713C-5CEB-4FAC-8B94-CEBF6C318882}.Release|Any CPU.Build.0 = Release|Any CPU
		{F2CEFBA8-6E2B-49EA-8CD4-FDFC7B92BF15}.Debug|Any CPU.ActiveCfg = Debug|Any CPU
		{F2CEFBA8-6E2B-49EA-8CD4-FDFC7B92BF15}.Debug|Any CPU.Build.0 = Debug|Any CPU
		{F2CEFBA8-6E2B-49EA-8CD4-FDFC7B92BF15}.Release|Any CPU.ActiveCfg = Release|Any CPU
		{F2CEFBA8-6E2B-49EA-8CD4-FDFC7B92BF15}.Release|Any CPU.Build.0 = Release|Any CPU
		{9F1928E0-627F-4F91-94BA-18219649E05C}.Debug|Any CPU.ActiveCfg = Debug|Any CPU
		{9F1928E0-627F-4F91-94BA-18219649E05C}.Debug|Any CPU.Build.0 = Debug|Any CPU
		{9F1928E0-627F-4F91-94BA-18219649E05C}.Release|Any CPU.ActiveCfg = Release|Any CPU
		{9F1928E0-627F-4F91-94BA-18219649E05C}.Release|Any CPU.Build.0 = Release|Any CPU
		{E3D6DE71-21E9-4500-8311-6E828747FFD4}.Debug|Any CPU.ActiveCfg = Debug|Any CPU
		{E3D6DE71-21E9-4500-8311-6E828747FFD4}.Debug|Any CPU.Build.0 = Debug|Any CPU
		{E3D6DE71-21E9-4500-8311-6E828747FFD4}.Release|Any CPU.ActiveCfg = Release|Any CPU
		{E3D6DE71-21E9-4500-8311-6E828747FFD4}.Release|Any CPU.Build.0 = Release|Any CPU
		{2738421E-54E4-4FF5-8A75-678D009CDFB7}.Debug|Any CPU.ActiveCfg = Debug|Any CPU
		{2738421E-54E4-4FF5-8A75-678D009CDFB7}.Debug|Any CPU.Build.0 = Debug|Any CPU
		{2738421E-54E4-4FF5-8A75-678D009CDFB7}.Release|Any CPU.ActiveCfg = Release|Any CPU
		{2738421E-54E4-4FF5-8A75-678D009CDFB7}.Release|Any CPU.Build.0 = Release|Any CPU
		{BAE9C90F-25F8-4AA8-8A99-DC68876210EF}.Debug|Any CPU.ActiveCfg = Debug|Any CPU
		{BAE9C90F-25F8-4AA8-8A99-DC68876210EF}.Debug|Any CPU.Build.0 = Debug|Any CPU
		{BAE9C90F-25F8-4AA8-8A99-DC68876210EF}.Release|Any CPU.ActiveCfg = Release|Any CPU
		{BAE9C90F-25F8-4AA8-8A99-DC68876210EF}.Release|Any CPU.Build.0 = Release|Any CPU
		{6E1F7CDA-C5CF-45BB-884F-D1BF7F70CDD7}.Debug|Any CPU.ActiveCfg = Debug|Any CPU
		{6E1F7CDA-C5CF-45BB-884F-D1BF7F70CDD7}.Debug|Any CPU.Build.0 = Debug|Any CPU
		{6E1F7CDA-C5CF-45BB-884F-D1BF7F70CDD7}.Release|Any CPU.ActiveCfg = Release|Any CPU
		{6E1F7CDA-C5CF-45BB-884F-D1BF7F70CDD7}.Release|Any CPU.Build.0 = Release|Any CPU
		{F8AFFB1D-86BA-4E4E-B201-1E09E7103D1E}.Debug|Any CPU.ActiveCfg = Debug|Any CPU
		{F8AFFB1D-86BA-4E4E-B201-1E09E7103D1E}.Debug|Any CPU.Build.0 = Debug|Any CPU
		{F8AFFB1D-86BA-4E4E-B201-1E09E7103D1E}.Release|Any CPU.ActiveCfg = Release|Any CPU
		{F8AFFB1D-86BA-4E4E-B201-1E09E7103D1E}.Release|Any CPU.Build.0 = Release|Any CPU
		{A2AB2BCF-8140-4B83-9673-27D0AE76BB6B}.Debug|Any CPU.ActiveCfg = Debug|Any CPU
		{A2AB2BCF-8140-4B83-9673-27D0AE76BB6B}.Debug|Any CPU.Build.0 = Debug|Any CPU
		{A2AB2BCF-8140-4B83-9673-27D0AE76BB6B}.Release|Any CPU.ActiveCfg = Release|Any CPU
		{A2AB2BCF-8140-4B83-9673-27D0AE76BB6B}.Release|Any CPU.Build.0 = Release|Any CPU
		{58DE04F8-36F6-4287-9532-E8A3E02046B6}.Debug|Any CPU.ActiveCfg = Debug|Any CPU
		{58DE04F8-36F6-4287-9532-E8A3E02046B6}.Debug|Any CPU.Build.0 = Debug|Any CPU
		{58DE04F8-36F6-4287-9532-E8A3E02046B6}.Release|Any CPU.ActiveCfg = Release|Any CPU
		{58DE04F8-36F6-4287-9532-E8A3E02046B6}.Release|Any CPU.Build.0 = Release|Any CPU
		{945085D8-01B7-4B9D-A904-8873D4285596}.Debug|Any CPU.ActiveCfg = Debug|Any CPU
		{945085D8-01B7-4B9D-A904-8873D4285596}.Debug|Any CPU.Build.0 = Debug|Any CPU
		{945085D8-01B7-4B9D-A904-8873D4285596}.Release|Any CPU.ActiveCfg = Release|Any CPU
		{945085D8-01B7-4B9D-A904-8873D4285596}.Release|Any CPU.Build.0 = Release|Any CPU
	EndGlobalSection
	GlobalSection(SolutionProperties) = preSolution
		HideSolutionNode = FALSE
	EndGlobalSection
	GlobalSection(ExtensibilityGlobals) = postSolution
		SolutionGuid = {44D3A109-A60F-48E1-90B1-3660A937FA46}
	EndGlobalSection
EndGlobal
