
Microsoft Visual Studio Solution File, Format Version 12.00
# Visual Studio Version 17
VisualStudioVersion = 17.0.32112.339
MinimumVisualStudioVersion = 10.0.40219.1
Project("{FAE04EC0-301F-11D3-BF4B-00C04F79EFBC}") = "5.1 Activation Keys", "5.1 Activation Keys\5.1 Activation Keys.csproj", "{F9542543-2255-4B2A-AEF3-30060BDBE0B5}"
EndProject
Project("{FAE04EC0-301F-11D3-BF4B-00C04F79EFBC}") = "5.2 EmojiDetector", "5.2 EmojiDetector\5.2 EmojiDetector.csproj", "{6C9B26AD-C46D-4057-993C-B635B94BDB5D}"
EndProject
Project("{FAE04EC0-301F-11D3-BF4B-00C04F79EFBC}") = "5.3 P!rates", "5.3 P!rates\5.3 P!rates.csproj", "{FA4DFBBE-991A-4846-B260-6C0850B7A8A4}"
EndProject
Project("{FAE04EC0-301F-11D3-BF4B-00C04F79EFBC}") = "4.1 Password Reset", "4.1 Password Reset\4.1 Password Reset.csproj", "{AD473679-7F7B-498E-B848-41E07FCCBDFE}"
EndProject
Project("{FAE04EC0-301F-11D3-BF4B-00C04F79EFBC}") = "4.2 FancyBarcodes", "4.2 FancyBarcodes\4.2 FancyBarcodes.csproj", "{5DE87946-ADF3-40C8-9DF1-21EF5362EB86}"
EndProject
Project("{FAE04EC0-301F-11D3-BF4B-00C04F79EFBC}") = "4.3 HeroesOfCodeandLogicVII", "4.3 HeroesOfCodeandLogicVII\4.3 HeroesOfCodeandLogicVII.csproj", "{3AB1D9DC-2A8E-49CF-9D7F-FB94671E0712}"
EndProject
Project("{FAE04EC0-301F-11D3-BF4B-00C04F79EFBC}") = "3.1 Secret Chat", "3.1 Secret Chat\3.1 Secret Chat.csproj", "{63282976-FE63-4326-B4E9-7DB74906A79F}"
EndProject
Project("{FAE04EC0-301F-11D3-BF4B-00C04F79EFBC}") = "3.2 MirrorWords", "3.2 MirrorWords\3.2 MirrorWords.csproj", "{3F6A73F4-40D1-404E-90E5-2480B229D577}"
EndProject
Project("{FAE04EC0-301F-11D3-BF4B-00C04F79EFBC}") = "3.3 NeedForSpeedIII", "3.3 NeedForSpeedIII\3.3 NeedForSpeedIII.csproj", "{F07B89C9-E2BE-4959-9CF8-DA2FC7B8401A}"
EndProject
Project("{FAE04EC0-301F-11D3-BF4B-00C04F79EFBC}") = "2.1 World Tour", "2.1 World Tour\2.1 World Tour.csproj", "{E1BF1947-EABB-4B0C-8E47-777D29C7FED3}"
EndProject
Project("{FAE04EC0-301F-11D3-BF4B-00C04F79EFBC}") = "2.2 Destination Mapper", "2.2 Destination Mapper\2.2 Destination Mapper.csproj", "{43FF2EFF-CBCE-42CE-A3BD-2D3A1FC01B21}"
EndProject
Project("{FAE04EC0-301F-11D3-BF4B-00C04F79EFBC}") = "2.3 Plant Discovery", "2.3 Plant Discovery\2.3 Plant Discovery.csproj", "{D5B2B00B-82ED-40AA-AFEE-3955853BE12B}"
EndProject
Project("{FAE04EC0-301F-11D3-BF4B-00C04F79EFBC}") = "1.1 The Imitation Game", "1.1 The Imitation Game\1.1 The Imitation Game.csproj", "{D1A6AE98-2522-407D-836A-EEE69BA2EDCA}"
EndProject
Project("{FAE04EC0-301F-11D3-BF4B-00C04F79EFBC}") = "1.2 Ad Astra", "1.2 Ad Astra\1.2 Ad Astra.csproj", "{977FDFD5-4DD7-4BB9-8B21-6EDD59530B9F}"
EndProject
Project("{FAE04EC0-301F-11D3-BF4B-00C04F79EFBC}") = "1.3 The Pianist", "1.3 The Pianist\1.3 The Pianist.csproj", "{31FF6695-2C6E-4EC4-833E-89A1DA990E84}"
EndProject
Global
	GlobalSection(SolutionConfigurationPlatforms) = preSolution
		Debug|Any CPU = Debug|Any CPU
		Release|Any CPU = Release|Any CPU
	EndGlobalSection
	GlobalSection(ProjectConfigurationPlatforms) = postSolution
		{F9542543-2255-4B2A-AEF3-30060BDBE0B5}.Debug|Any CPU.ActiveCfg = Debug|Any CPU
		{F9542543-2255-4B2A-AEF3-30060BDBE0B5}.Debug|Any CPU.Build.0 = Debug|Any CPU
		{F9542543-2255-4B2A-AEF3-30060BDBE0B5}.Release|Any CPU.ActiveCfg = Release|Any CPU
		{F9542543-2255-4B2A-AEF3-30060BDBE0B5}.Release|Any CPU.Build.0 = Release|Any CPU
		{6C9B26AD-C46D-4057-993C-B635B94BDB5D}.Debug|Any CPU.ActiveCfg = Debug|Any CPU
		{6C9B26AD-C46D-4057-993C-B635B94BDB5D}.Debug|Any CPU.Build.0 = Debug|Any CPU
		{6C9B26AD-C46D-4057-993C-B635B94BDB5D}.Release|Any CPU.ActiveCfg = Release|Any CPU
		{6C9B26AD-C46D-4057-993C-B635B94BDB5D}.Release|Any CPU.Build.0 = Release|Any CPU
		{FA4DFBBE-991A-4846-B260-6C0850B7A8A4}.Debug|Any CPU.ActiveCfg = Debug|Any CPU
		{FA4DFBBE-991A-4846-B260-6C0850B7A8A4}.Debug|Any CPU.Build.0 = Debug|Any CPU
		{FA4DFBBE-991A-4846-B260-6C0850B7A8A4}.Release|Any CPU.ActiveCfg = Release|Any CPU
		{FA4DFBBE-991A-4846-B260-6C0850B7A8A4}.Release|Any CPU.Build.0 = Release|Any CPU
		{AD473679-7F7B-498E-B848-41E07FCCBDFE}.Debug|Any CPU.ActiveCfg = Debug|Any CPU
		{AD473679-7F7B-498E-B848-41E07FCCBDFE}.Debug|Any CPU.Build.0 = Debug|Any CPU
		{AD473679-7F7B-498E-B848-41E07FCCBDFE}.Release|Any CPU.ActiveCfg = Release|Any CPU
		{AD473679-7F7B-498E-B848-41E07FCCBDFE}.Release|Any CPU.Build.0 = Release|Any CPU
		{5DE87946-ADF3-40C8-9DF1-21EF5362EB86}.Debug|Any CPU.ActiveCfg = Debug|Any CPU
		{5DE87946-ADF3-40C8-9DF1-21EF5362EB86}.Debug|Any CPU.Build.0 = Debug|Any CPU
		{5DE87946-ADF3-40C8-9DF1-21EF5362EB86}.Release|Any CPU.ActiveCfg = Release|Any CPU
		{5DE87946-ADF3-40C8-9DF1-21EF5362EB86}.Release|Any CPU.Build.0 = Release|Any CPU
		{3AB1D9DC-2A8E-49CF-9D7F-FB94671E0712}.Debug|Any CPU.ActiveCfg = Debug|Any CPU
		{3AB1D9DC-2A8E-49CF-9D7F-FB94671E0712}.Debug|Any CPU.Build.0 = Debug|Any CPU
		{3AB1D9DC-2A8E-49CF-9D7F-FB94671E0712}.Release|Any CPU.ActiveCfg = Release|Any CPU
		{3AB1D9DC-2A8E-49CF-9D7F-FB94671E0712}.Release|Any CPU.Build.0 = Release|Any CPU
		{63282976-FE63-4326-B4E9-7DB74906A79F}.Debug|Any CPU.ActiveCfg = Debug|Any CPU
		{63282976-FE63-4326-B4E9-7DB74906A79F}.Debug|Any CPU.Build.0 = Debug|Any CPU
		{63282976-FE63-4326-B4E9-7DB74906A79F}.Release|Any CPU.ActiveCfg = Release|Any CPU
		{63282976-FE63-4326-B4E9-7DB74906A79F}.Release|Any CPU.Build.0 = Release|Any CPU
		{3F6A73F4-40D1-404E-90E5-2480B229D577}.Debug|Any CPU.ActiveCfg = Debug|Any CPU
		{3F6A73F4-40D1-404E-90E5-2480B229D577}.Debug|Any CPU.Build.0 = Debug|Any CPU
		{3F6A73F4-40D1-404E-90E5-2480B229D577}.Release|Any CPU.ActiveCfg = Release|Any CPU
		{3F6A73F4-40D1-404E-90E5-2480B229D577}.Release|Any CPU.Build.0 = Release|Any CPU
		{F07B89C9-E2BE-4959-9CF8-DA2FC7B8401A}.Debug|Any CPU.ActiveCfg = Debug|Any CPU
		{F07B89C9-E2BE-4959-9CF8-DA2FC7B8401A}.Debug|Any CPU.Build.0 = Debug|Any CPU
		{F07B89C9-E2BE-4959-9CF8-DA2FC7B8401A}.Release|Any CPU.ActiveCfg = Release|Any CPU
		{F07B89C9-E2BE-4959-9CF8-DA2FC7B8401A}.Release|Any CPU.Build.0 = Release|Any CPU
		{E1BF1947-EABB-4B0C-8E47-777D29C7FED3}.Debug|Any CPU.ActiveCfg = Debug|Any CPU
		{E1BF1947-EABB-4B0C-8E47-777D29C7FED3}.Debug|Any CPU.Build.0 = Debug|Any CPU
		{E1BF1947-EABB-4B0C-8E47-777D29C7FED3}.Release|Any CPU.ActiveCfg = Release|Any CPU
		{E1BF1947-EABB-4B0C-8E47-777D29C7FED3}.Release|Any CPU.Build.0 = Release|Any CPU
		{43FF2EFF-CBCE-42CE-A3BD-2D3A1FC01B21}.Debug|Any CPU.ActiveCfg = Debug|Any CPU
		{43FF2EFF-CBCE-42CE-A3BD-2D3A1FC01B21}.Debug|Any CPU.Build.0 = Debug|Any CPU
		{43FF2EFF-CBCE-42CE-A3BD-2D3A1FC01B21}.Release|Any CPU.ActiveCfg = Release|Any CPU
		{43FF2EFF-CBCE-42CE-A3BD-2D3A1FC01B21}.Release|Any CPU.Build.0 = Release|Any CPU
		{D5B2B00B-82ED-40AA-AFEE-3955853BE12B}.Debug|Any CPU.ActiveCfg = Debug|Any CPU
		{D5B2B00B-82ED-40AA-AFEE-3955853BE12B}.Debug|Any CPU.Build.0 = Debug|Any CPU
		{D5B2B00B-82ED-40AA-AFEE-3955853BE12B}.Release|Any CPU.ActiveCfg = Release|Any CPU
		{D5B2B00B-82ED-40AA-AFEE-3955853BE12B}.Release|Any CPU.Build.0 = Release|Any CPU
		{D1A6AE98-2522-407D-836A-EEE69BA2EDCA}.Debug|Any CPU.ActiveCfg = Debug|Any CPU
		{D1A6AE98-2522-407D-836A-EEE69BA2EDCA}.Debug|Any CPU.Build.0 = Debug|Any CPU
		{D1A6AE98-2522-407D-836A-EEE69BA2EDCA}.Release|Any CPU.ActiveCfg = Release|Any CPU
		{D1A6AE98-2522-407D-836A-EEE69BA2EDCA}.Release|Any CPU.Build.0 = Release|Any CPU
		{977FDFD5-4DD7-4BB9-8B21-6EDD59530B9F}.Debug|Any CPU.ActiveCfg = Debug|Any CPU
		{977FDFD5-4DD7-4BB9-8B21-6EDD59530B9F}.Debug|Any CPU.Build.0 = Debug|Any CPU
		{977FDFD5-4DD7-4BB9-8B21-6EDD59530B9F}.Release|Any CPU.ActiveCfg = Release|Any CPU
		{977FDFD5-4DD7-4BB9-8B21-6EDD59530B9F}.Release|Any CPU.Build.0 = Release|Any CPU
		{31FF6695-2C6E-4EC4-833E-89A1DA990E84}.Debug|Any CPU.ActiveCfg = Debug|Any CPU
		{31FF6695-2C6E-4EC4-833E-89A1DA990E84}.Debug|Any CPU.Build.0 = Debug|Any CPU
		{31FF6695-2C6E-4EC4-833E-89A1DA990E84}.Release|Any CPU.ActiveCfg = Release|Any CPU
		{31FF6695-2C6E-4EC4-833E-89A1DA990E84}.Release|Any CPU.Build.0 = Release|Any CPU
	EndGlobalSection
	GlobalSection(SolutionProperties) = preSolution
		HideSolutionNode = FALSE
	EndGlobalSection
	GlobalSection(ExtensibilityGlobals) = postSolution
		SolutionGuid = {290DA6BA-D284-4B75-AD92-D773C992B9FA}
	EndGlobalSection
EndGlobal
