
Microsoft Visual Studio Solution File, Format Version 12.00
# Visual Studio Version 17
VisualStudioVersion = 17.0.32112.339
MinimumVisualStudioVersion = 10.0.40219.1
Project("{FAE04EC0-301F-11D3-BF4B-00C04F79EFBC}") = "01 CountRealNumbers", "CountRealNumbers\01 CountRealNumbers.csproj", "{BA4B39BA-8BDE-4FDD-B5BB-F6AF41ADB561}"
EndProject
Project("{FAE04EC0-301F-11D3-BF4B-00C04F79EFBC}") = "02 OddOccurrences", "02 OddOccurrences\02 OddOccurrences.csproj", "{1F2096DF-8BE3-4A1C-8D0B-BD0FD567EE9F}"
EndProject
Project("{FAE04EC0-301F-11D3-BF4B-00C04F79EFBC}") = "03 WordSynonyms", "03 WordSynonyms\03 WordSynonyms.csproj", "{729AC8B0-7516-4DF3-AF3E-B1EE774B3EB5}"
EndProject
Project("{FAE04EC0-301F-11D3-BF4B-00C04F79EFBC}") = "04 WordFilter", "04 WordFilter\04 WordFilter.csproj", "{D0AD839A-5C2D-445E-89C3-13DC5640A6F7}"
EndProject
Global
	GlobalSection(SolutionConfigurationPlatforms) = preSolution
		Debug|Any CPU = Debug|Any CPU
		Release|Any CPU = Release|Any CPU
	EndGlobalSection
	GlobalSection(ProjectConfigurationPlatforms) = postSolution
		{BA4B39BA-8BDE-4FDD-B5BB-F6AF41ADB561}.Debug|Any CPU.ActiveCfg = Debug|Any CPU
		{BA4B39BA-8BDE-4FDD-B5BB-F6AF41ADB561}.Debug|Any CPU.Build.0 = Debug|Any CPU
		{BA4B39BA-8BDE-4FDD-B5BB-F6AF41ADB561}.Release|Any CPU.ActiveCfg = Release|Any CPU
		{BA4B39BA-8BDE-4FDD-B5BB-F6AF41ADB561}.Release|Any CPU.Build.0 = Release|Any CPU
		{1F2096DF-8BE3-4A1C-8D0B-BD0FD567EE9F}.Debug|Any CPU.ActiveCfg = Debug|Any CPU
		{1F2096DF-8BE3-4A1C-8D0B-BD0FD567EE9F}.Debug|Any CPU.Build.0 = Debug|Any CPU
		{1F2096DF-8BE3-4A1C-8D0B-BD0FD567EE9F}.Release|Any CPU.ActiveCfg = Release|Any CPU
		{1F2096DF-8BE3-4A1C-8D0B-BD0FD567EE9F}.Release|Any CPU.Build.0 = Release|Any CPU
		{729AC8B0-7516-4DF3-AF3E-B1EE774B3EB5}.Debug|Any CPU.ActiveCfg = Debug|Any CPU
		{729AC8B0-7516-4DF3-AF3E-B1EE774B3EB5}.Debug|Any CPU.Build.0 = Debug|Any CPU
		{729AC8B0-7516-4DF3-AF3E-B1EE774B3EB5}.Release|Any CPU.ActiveCfg = Release|Any CPU
		{729AC8B0-7516-4DF3-AF3E-B1EE774B3EB5}.Release|Any CPU.Build.0 = Release|Any CPU
		{D0AD839A-5C2D-445E-89C3-13DC5640A6F7}.Debug|Any CPU.ActiveCfg = Debug|Any CPU
		{D0AD839A-5C2D-445E-89C3-13DC5640A6F7}.Debug|Any CPU.Build.0 = Debug|Any CPU
		{D0AD839A-5C2D-445E-89C3-13DC5640A6F7}.Release|Any CPU.ActiveCfg = Release|Any CPU
		{D0AD839A-5C2D-445E-89C3-13DC5640A6F7}.Release|Any CPU.Build.0 = Release|Any CPU
	EndGlobalSection
	GlobalSection(SolutionProperties) = preSolution
		HideSolutionNode = FALSE
	EndGlobalSection
	GlobalSection(ExtensibilityGlobals) = postSolution
		SolutionGuid = {AD376509-7AF0-4447-A2DD-DDEBBAA19DD0}
	EndGlobalSection
EndGlobal
